
Microsoft Visual Studio Solution File, Format Version 12.00
# Visual Studio Version 17
VisualStudioVersion = 17.9.34714.143
MinimumVisualStudioVersion = 10.0.40219.1
Project("{9A19103F-16F7-4668-BE54-9A1E7A4F7556}") = "InMemory.Caching", "InMemory.Caching\InMemory.Caching.csproj", "{6AAFD511-319F-49AA-8209-DD4686BBB9CB}"
EndProject
Project("{9A19103F-16F7-4668-BE54-9A1E7A4F7556}") = "Distributed.Caching", "Distributed.Caching\Distributed.Caching.csproj", "{EA3C285C-4140-4CC4-A326-1FAC7CC4B9E6}"
EndProject
Project("{FAE04EC0-301F-11D3-BF4B-00C04F79EFBC}") = "Redis.Pub.Sub.Publisher.Example", "Redis.Pub.Sub.Example\Redis.Pub.Sub.Publisher.Example.csproj", "{CA0D639D-A029-4C24-B61E-55399F6AA2D2}"
EndProject
Project("{FAE04EC0-301F-11D3-BF4B-00C04F79EFBC}") = "Redis.Pub.Sub.Subscriber.Example", "Redis.Pub.Sub.Subscriber.Example\Redis.Pub.Sub.Subscriber.Example.csproj", "{937EF65E-EE8D-449F-AAC8-A73C68DB2807}"
EndProject
Global
	GlobalSection(SolutionConfigurationPlatforms) = preSolution
		Debug|Any CPU = Debug|Any CPU
		Release|Any CPU = Release|Any CPU
	EndGlobalSection
	GlobalSection(ProjectConfigurationPlatforms) = postSolution
		{6AAFD511-319F-49AA-8209-DD4686BBB9CB}.Debug|Any CPU.ActiveCfg = Debug|Any CPU
		{6AAFD511-319F-49AA-8209-DD4686BBB9CB}.Debug|Any CPU.Build.0 = Debug|Any CPU
		{6AAFD511-319F-49AA-8209-DD4686BBB9CB}.Release|Any CPU.ActiveCfg = Release|Any CPU
		{6AAFD511-319F-49AA-8209-DD4686BBB9CB}.Release|Any CPU.Build.0 = Release|Any CPU
		{EA3C285C-4140-4CC4-A326-1FAC7CC4B9E6}.Debug|Any CPU.ActiveCfg = Debug|Any CPU
		{EA3C285C-4140-4CC4-A326-1FAC7CC4B9E6}.Debug|Any CPU.Build.0 = Debug|Any CPU
		{EA3C285C-4140-4CC4-A326-1FAC7CC4B9E6}.Release|Any CPU.ActiveCfg = Release|Any CPU
		{EA3C285C-4140-4CC4-A326-1FAC7CC4B9E6}.Release|Any CPU.Build.0 = Release|Any CPU
		{CA0D639D-A029-4C24-B61E-55399F6AA2D2}.Debug|Any CPU.ActiveCfg = Debug|Any CPU
		{CA0D639D-A029-4C24-B61E-55399F6AA2D2}.Debug|Any CPU.Build.0 = Debug|Any CPU
		{CA0D639D-A029-4C24-B61E-55399F6AA2D2}.Release|Any CPU.ActiveCfg = Release|Any CPU
		{CA0D639D-A029-4C24-B61E-55399F6AA2D2}.Release|Any CPU.Build.0 = Release|Any CPU
		{937EF65E-EE8D-449F-AAC8-A73C68DB2807}.Debug|Any CPU.ActiveCfg = Debug|Any CPU
		{937EF65E-EE8D-449F-AAC8-A73C68DB2807}.Debug|Any CPU.Build.0 = Debug|Any CPU
		{937EF65E-EE8D-449F-AAC8-A73C68DB2807}.Release|Any CPU.ActiveCfg = Release|Any CPU
		{937EF65E-EE8D-449F-AAC8-A73C68DB2807}.Release|Any CPU.Build.0 = Release|Any CPU
	EndGlobalSection
	GlobalSection(SolutionProperties) = preSolution
		HideSolutionNode = FALSE
	EndGlobalSection
	GlobalSection(ExtensibilityGlobals) = postSolution
		SolutionGuid = {F7D5DE33-6825-4B90-902D-9B7969E90B84}
	EndGlobalSection
EndGlobal
